
Microsoft Visual Studio Solution File, Format Version 12.00
# Visual Studio 15
VisualStudioVersion = 15.0.28307.779
MinimumVisualStudioVersion = 10.0.40219.1
Project("{FAE04EC0-301F-11D3-BF4B-00C04F79EFBC}") = "XamlResourceRemover", "XamlResourceRemover\XamlResourceRemover.csproj", "{5554098E-E792-435E-A1E5-AED740E7874B}"
EndProject
Global
	GlobalSection(SolutionConfigurationPlatforms) = preSolution
		Debug|Any CPU = Debug|Any CPU
		Release|Any CPU = Release|Any CPU
	EndGlobalSection
	GlobalSection(ProjectConfigurationPlatforms) = postSolution
		{5554098E-E792-435E-A1E5-AED740E7874B}.Debug|Any CPU.ActiveCfg = Debug|Any CPU
		{5554098E-E792-435E-A1E5-AED740E7874B}.Debug|Any CPU.Build.0 = Debug|Any CPU
		{5554098E-E792-435E-A1E5-AED740E7874B}.Release|Any CPU.ActiveCfg = Release|Any CPU
		{5554098E-E792-435E-A1E5-AED740E7874B}.Release|Any CPU.Build.0 = Release|Any CPU
	EndGlobalSection
	GlobalSection(SolutionProperties) = preSolution
		HideSolutionNode = FALSE
	EndGlobalSection
	GlobalSection(ExtensibilityGlobals) = postSolution
		SolutionGuid = {76DD3695-1DC4-44D1-8572-BB37CAA3202E}
	EndGlobalSection
EndGlobal
